// !$*UTF8*$!
{
	archiveVersion = 1;
	classes = {
	};
	objectVersion = 55;
	objects = {

/* Begin PBXBuildFile section */
		724FE71D28AF75AC00BCAD05 /* AppDelegate.swift in Sources */ = {isa = PBXBuildFile; fileRef = 724FE71C28AF75AC00BCAD05 /* AppDelegate.swift */; };
		724FE71F28AF75AC00BCAD05 /* SceneDelegate.swift in Sources */ = {isa = PBXBuildFile; fileRef = 724FE71E28AF75AC00BCAD05 /* SceneDelegate.swift */; };
		724FE72128AF75AC00BCAD05 /* MapViewController.swift in Sources */ = {isa = PBXBuildFile; fileRef = 724FE72028AF75AC00BCAD05 /* MapViewController.swift */; };
		724FE72428AF75AC00BCAD05 /* MapStoryBoard.storyboard in Resources */ = {isa = PBXBuildFile; fileRef = 724FE72228AF75AC00BCAD05 /* MapStoryBoard.storyboard */; };
		724FE72628AF75AD00BCAD05 /* Assets.xcassets in Resources */ = {isa = PBXBuildFile; fileRef = 724FE72528AF75AD00BCAD05 /* Assets.xcassets */; };
		724FE72928AF75AD00BCAD05 /* LaunchScreen.storyboard in Resources */ = {isa = PBXBuildFile; fileRef = 724FE72728AF75AD00BCAD05 /* LaunchScreen.storyboard */; };
		724FE73428AF75AD00BCAD05 /* IveBeenHereTests.swift in Sources */ = {isa = PBXBuildFile; fileRef = 724FE73328AF75AD00BCAD05 /* IveBeenHereTests.swift */; };
		724FE73E28AF75AD00BCAD05 /* IveBeenHereUITests.swift in Sources */ = {isa = PBXBuildFile; fileRef = 724FE73D28AF75AD00BCAD05 /* IveBeenHereUITests.swift */; };
		724FE74028AF75AD00BCAD05 /* IveBeenHereUITestsLaunchTests.swift in Sources */ = {isa = PBXBuildFile; fileRef = 724FE73F28AF75AD00BCAD05 /* IveBeenHereUITestsLaunchTests.swift */; };
		724FE74D28AF772100BCAD05 /* SplashViewController.swift in Sources */ = {isa = PBXBuildFile; fileRef = 724FE74C28AF772100BCAD05 /* SplashViewController.swift */; };
		724FE75228AF77B000BCAD05 /* SplashStoryBoard.storyboard in Resources */ = {isa = PBXBuildFile; fileRef = 724FE75128AF77B000BCAD05 /* SplashStoryBoard.storyboard */; };
/* End PBXBuildFile section */

/* Begin PBXContainerItemProxy section */
		724FE73028AF75AD00BCAD05 /* PBXContainerItemProxy */ = {
			isa = PBXContainerItemProxy;
			containerPortal = 724FE71128AF75AC00BCAD05 /* Project object */;
			proxyType = 1;
			remoteGlobalIDString = 724FE71828AF75AC00BCAD05;
			remoteInfo = IveBeenHere;
		};
		724FE73A28AF75AD00BCAD05 /* PBXContainerItemProxy */ = {
			isa = PBXContainerItemProxy;
			containerPortal = 724FE71128AF75AC00BCAD05 /* Project object */;
			proxyType = 1;
			remoteGlobalIDString = 724FE71828AF75AC00BCAD05;
			remoteInfo = IveBeenHere;
		};
/* End PBXContainerItemProxy section */

/* Begin PBXFileReference section */
		724FE71928AF75AC00BCAD05 /* IveBeenHere.app */ = {isa = PBXFileReference; explicitFileType = wrapper.application; includeInIndex = 0; path = IveBeenHere.app; sourceTree = BUILT_PRODUCTS_DIR; };
		724FE71C28AF75AC00BCAD05 /* AppDelegate.swift */ = {isa = PBXFileReference; lastKnownFileType = sourcecode.swift; path = AppDelegate.swift; sourceTree = "<group>"; };
		724FE71E28AF75AC00BCAD05 /* SceneDelegate.swift */ = {isa = PBXFileReference; lastKnownFileType = sourcecode.swift; path = SceneDelegate.swift; sourceTree = "<group>"; };
		724FE72028AF75AC00BCAD05 /* MapViewController.swift */ = {isa = PBXFileReference; lastKnownFileType = sourcecode.swift; path = MapViewController.swift; sourceTree = "<group>"; };
		724FE72328AF75AC00BCAD05 /* Base */ = {isa = PBXFileReference; lastKnownFileType = file.storyboard; name = Base; path = Base.lproj/MapStoryBoard.storyboard; sourceTree = "<group>"; };
		724FE72528AF75AD00BCAD05 /* Assets.xcassets */ = {isa = PBXFileReference; lastKnownFileType = folder.assetcatalog; path = Assets.xcassets; sourceTree = "<group>"; };
		724FE72828AF75AD00BCAD05 /* Base */ = {isa = PBXFileReference; lastKnownFileType = file.storyboard; name = Base; path = Base.lproj/LaunchScreen.storyboard; sourceTree = "<group>"; };
		724FE72A28AF75AD00BCAD05 /* Info.plist */ = {isa = PBXFileReference; lastKnownFileType = text.plist.xml; path = Info.plist; sourceTree = "<group>"; };
		724FE72F28AF75AD00BCAD05 /* IveBeenHereTests.xctest */ = {isa = PBXFileReference; explicitFileType = wrapper.cfbundle; includeInIndex = 0; path = IveBeenHereTests.xctest; sourceTree = BUILT_PRODUCTS_DIR; };
		724FE73328AF75AD00BCAD05 /* IveBeenHereTests.swift */ = {isa = PBXFileReference; lastKnownFileType = sourcecode.swift; path = IveBeenHereTests.swift; sourceTree = "<group>"; };
		724FE73928AF75AD00BCAD05 /* IveBeenHereUITests.xctest */ = {isa = PBXFileReference; explicitFileType = wrapper.cfbundle; includeInIndex = 0; path = IveBeenHereUITests.xctest; sourceTree = BUILT_PRODUCTS_DIR; };
		724FE73D28AF75AD00BCAD05 /* IveBeenHereUITests.swift */ = {isa = PBXFileReference; lastKnownFileType = sourcecode.swift; path = IveBeenHereUITests.swift; sourceTree = "<group>"; };
		724FE73F28AF75AD00BCAD05 /* IveBeenHereUITestsLaunchTests.swift */ = {isa = PBXFileReference; lastKnownFileType = sourcecode.swift; path = IveBeenHereUITestsLaunchTests.swift; sourceTree = "<group>"; };
		724FE74C28AF772100BCAD05 /* SplashViewController.swift */ = {isa = PBXFileReference; lastKnownFileType = sourcecode.swift; path = SplashViewController.swift; sourceTree = "<group>"; };
		724FE75128AF77B000BCAD05 /* SplashStoryBoard.storyboard */ = {isa = PBXFileReference; lastKnownFileType = file.storyboard; path = SplashStoryBoard.storyboard; sourceTree = "<group>"; };
/* End PBXFileReference section */

/* Begin PBXFrameworksBuildPhase section */
		724FE71628AF75AC00BCAD05 /* Frameworks */ = {
			isa = PBXFrameworksBuildPhase;
			buildActionMask = 2147483647;
			files = (
			);
			runOnlyForDeploymentPostprocessing = 0;
		};
		724FE72C28AF75AD00BCAD05 /* Frameworks */ = {
			isa = PBXFrameworksBuildPhase;
			buildActionMask = 2147483647;
			files = (
			);
			runOnlyForDeploymentPostprocessing = 0;
		};
		724FE73628AF75AD00BCAD05 /* Frameworks */ = {
			isa = PBXFrameworksBuildPhase;
			buildActionMask = 2147483647;
			files = (
			);
			runOnlyForDeploymentPostprocessing = 0;
		};
/* End PBXFrameworksBuildPhase section */

/* Begin PBXGroup section */
		724FE71028AF75AC00BCAD05 = {
			isa = PBXGroup;
			children = (
				724FE71B28AF75AC00BCAD05 /* IveBeenHere */,
				724FE73228AF75AD00BCAD05 /* IveBeenHereTests */,
				724FE73C28AF75AD00BCAD05 /* IveBeenHereUITests */,
				724FE71A28AF75AC00BCAD05 /* Products */,
			);
			sourceTree = "<group>";
		};
		724FE71A28AF75AC00BCAD05 /* Products */ = {
			isa = PBXGroup;
			children = (
				724FE71928AF75AC00BCAD05 /* IveBeenHere.app */,
				724FE72F28AF75AD00BCAD05 /* IveBeenHereTests.xctest */,
				724FE73928AF75AD00BCAD05 /* IveBeenHereUITests.xctest */,
			);
			name = Products;
			sourceTree = "<group>";
		};
		724FE71B28AF75AC00BCAD05 /* IveBeenHere */ = {
			isa = PBXGroup;
			children = (
				724FE74E28AF772500BCAD05 /* scene */,
				724FE75028AF773F00BCAD05 /* entry */,
				724FE72528AF75AD00BCAD05 /* Assets.xcassets */,
				724FE72728AF75AD00BCAD05 /* LaunchScreen.storyboard */,
			);
			path = IveBeenHere;
			sourceTree = "<group>";
		};
		724FE73228AF75AD00BCAD05 /* IveBeenHereTests */ = {
			isa = PBXGroup;
			children = (
				724FE73328AF75AD00BCAD05 /* IveBeenHereTests.swift */,
			);
			path = IveBeenHereTests;
			sourceTree = "<group>";
		};
		724FE73C28AF75AD00BCAD05 /* IveBeenHereUITests */ = {
			isa = PBXGroup;
			children = (
				724FE73D28AF75AD00BCAD05 /* IveBeenHereUITests.swift */,
				724FE73F28AF75AD00BCAD05 /* IveBeenHereUITestsLaunchTests.swift */,
			);
			path = IveBeenHereUITests;
			sourceTree = "<group>";
		};
		724FE74E28AF772500BCAD05 /* scene */ = {
			isa = PBXGroup;
			children = (
				724FE72228AF75AC00BCAD05 /* MapStoryBoard.storyboard */,
				724FE72028AF75AC00BCAD05 /* MapViewController.swift */,
				724FE74F28AF772C00BCAD05 /* splash */,
			);
			path = scene;
			sourceTree = "<group>";
		};
		724FE74F28AF772C00BCAD05 /* splash */ = {
			isa = PBXGroup;
			children = (
				724FE74C28AF772100BCAD05 /* SplashViewController.swift */,
				724FE75128AF77B000BCAD05 /* SplashStoryBoard.storyboard */,
			);
			path = splash;
			sourceTree = "<group>";
		};
		724FE75028AF773F00BCAD05 /* entry */ = {
			isa = PBXGroup;
			children = (
				724FE72A28AF75AD00BCAD05 /* Info.plist */,
				724FE71E28AF75AC00BCAD05 /* SceneDelegate.swift */,
				724FE71C28AF75AC00BCAD05 /* AppDelegate.swift */,
			);
			path = entry;
			sourceTree = "<group>";
		};
/* End PBXGroup section */

/* Begin PBXNativeTarget section */
		724FE71828AF75AC00BCAD05 /* IveBeenHere */ = {
			isa = PBXNativeTarget;
			buildConfigurationList = 724FE74328AF75AD00BCAD05 /* Build configuration list for PBXNativeTarget "IveBeenHere" */;
			buildPhases = (
				724FE71528AF75AC00BCAD05 /* Sources */,
				724FE71628AF75AC00BCAD05 /* Frameworks */,
				724FE71728AF75AC00BCAD05 /* Resources */,
			);
			buildRules = (
			);
			dependencies = (
			);
			name = IveBeenHere;
			productName = IveBeenHere;
			productReference = 724FE71928AF75AC00BCAD05 /* IveBeenHere.app */;
			productType = "com.apple.product-type.application";
		};
		724FE72E28AF75AD00BCAD05 /* IveBeenHereTests */ = {
			isa = PBXNativeTarget;
			buildConfigurationList = 724FE74628AF75AD00BCAD05 /* Build configuration list for PBXNativeTarget "IveBeenHereTests" */;
			buildPhases = (
				724FE72B28AF75AD00BCAD05 /* Sources */,
				724FE72C28AF75AD00BCAD05 /* Frameworks */,
				724FE72D28AF75AD00BCAD05 /* Resources */,
			);
			buildRules = (
			);
			dependencies = (
				724FE73128AF75AD00BCAD05 /* PBXTargetDependency */,
			);
			name = IveBeenHereTests;
			productName = IveBeenHereTests;
			productReference = 724FE72F28AF75AD00BCAD05 /* IveBeenHereTests.xctest */;
			productType = "com.apple.product-type.bundle.unit-test";
		};
		724FE73828AF75AD00BCAD05 /* IveBeenHereUITests */ = {
			isa = PBXNativeTarget;
			buildConfigurationList = 724FE74928AF75AD00BCAD05 /* Build configuration list for PBXNativeTarget "IveBeenHereUITests" */;
			buildPhases = (
				724FE73528AF75AD00BCAD05 /* Sources */,
				724FE73628AF75AD00BCAD05 /* Frameworks */,
				724FE73728AF75AD00BCAD05 /* Resources */,
			);
			buildRules = (
			);
			dependencies = (
				724FE73B28AF75AD00BCAD05 /* PBXTargetDependency */,
			);
			name = IveBeenHereUITests;
			productName = IveBeenHereUITests;
			productReference = 724FE73928AF75AD00BCAD05 /* IveBeenHereUITests.xctest */;
			productType = "com.apple.product-type.bundle.ui-testing";
		};
/* End PBXNativeTarget section */

/* Begin PBXProject section */
		724FE71128AF75AC00BCAD05 /* Project object */ = {
			isa = PBXProject;
			attributes = {
				BuildIndependentTargetsInParallel = 1;
				LastSwiftUpdateCheck = 1340;
				LastUpgradeCheck = 1340;
				TargetAttributes = {
					724FE71828AF75AC00BCAD05 = {
						CreatedOnToolsVersion = 13.4.1;
					};
					724FE72E28AF75AD00BCAD05 = {
						CreatedOnToolsVersion = 13.4.1;
						TestTargetID = 724FE71828AF75AC00BCAD05;
					};
					724FE73828AF75AD00BCAD05 = {
						CreatedOnToolsVersion = 13.4.1;
						TestTargetID = 724FE71828AF75AC00BCAD05;
					};
				};
			};
			buildConfigurationList = 724FE71428AF75AC00BCAD05 /* Build configuration list for PBXProject "IveBeenHere" */;
			compatibilityVersion = "Xcode 13.0";
			developmentRegion = en;
			hasScannedForEncodings = 0;
			knownRegions = (
				en,
				Base,
			);
			mainGroup = 724FE71028AF75AC00BCAD05;
			productRefGroup = 724FE71A28AF75AC00BCAD05 /* Products */;
			projectDirPath = "";
			projectRoot = "";
			targets = (
				724FE71828AF75AC00BCAD05 /* IveBeenHere */,
				724FE72E28AF75AD00BCAD05 /* IveBeenHereTests */,
				724FE73828AF75AD00BCAD05 /* IveBeenHereUITests */,
			);
		};
/* End PBXProject section */

/* Begin PBXResourcesBuildPhase section */
		724FE71728AF75AC00BCAD05 /* Resources */ = {
			isa = PBXResourcesBuildPhase;
			buildActionMask = 2147483647;
			files = (
				724FE72928AF75AD00BCAD05 /* LaunchScreen.storyboard in Resources */,
				724FE72628AF75AD00BCAD05 /* Assets.xcassets in Resources */,
				724FE75228AF77B000BCAD05 /* SplashStoryBoard.storyboard in Resources */,
				724FE72428AF75AC00BCAD05 /* MapStoryBoard.storyboard in Resources */,
			);
			runOnlyForDeploymentPostprocessing = 0;
		};
		724FE72D28AF75AD00BCAD05 /* Resources */ = {
			isa = PBXResourcesBuildPhase;
			buildActionMask = 2147483647;
			files = (
			);
			runOnlyForDeploymentPostprocessing = 0;
		};
		724FE73728AF75AD00BCAD05 /* Resources */ = {
			isa = PBXResourcesBuildPhase;
			buildActionMask = 2147483647;
			files = (
			);
			runOnlyForDeploymentPostprocessing = 0;
		};
/* End PBXResourcesBuildPhase section */

/* Begin PBXSourcesBuildPhase section */
		724FE71528AF75AC00BCAD05 /* Sources */ = {
			isa = PBXSourcesBuildPhase;
			buildActionMask = 2147483647;
			files = (
				724FE72128AF75AC00BCAD05 /* MapViewController.swift in Sources */,
				724FE71D28AF75AC00BCAD05 /* AppDelegate.swift in Sources */,
				724FE71F28AF75AC00BCAD05 /* SceneDelegate.swift in Sources */,
				724FE74D28AF772100BCAD05 /* SplashViewController.swift in Sources */,
			);
			runOnlyForDeploymentPostprocessing = 0;
		};
		724FE72B28AF75AD00BCAD05 /* Sources */ = {
			isa = PBXSourcesBuildPhase;
			buildActionMask = 2147483647;
			files = (
				724FE73428AF75AD00BCAD05 /* IveBeenHereTests.swift in Sources */,
			);
			runOnlyForDeploymentPostprocessing = 0;
		};
		724FE73528AF75AD00BCAD05 /* Sources */ = {
			isa = PBXSourcesBuildPhase;
			buildActionMask = 2147483647;
			files = (
				724FE73E28AF75AD00BCAD05 /* IveBeenHereUITests.swift in Sources */,
				724FE74028AF75AD00BCAD05 /* IveBeenHereUITestsLaunchTests.swift in Sources */,
			);
			runOnlyForDeploymentPostprocessing = 0;
		};
/* End PBXSourcesBuildPhase section */

/* Begin PBXTargetDependency section */
		724FE73128AF75AD00BCAD05 /* PBXTargetDependency */ = {
			isa = PBXTargetDependency;
			target = 724FE71828AF75AC00BCAD05 /* IveBeenHere */;
			targetProxy = 724FE73028AF75AD00BCAD05 /* PBXContainerItemProxy */;
		};
		724FE73B28AF75AD00BCAD05 /* PBXTargetDependency */ = {
			isa = PBXTargetDependency;
			target = 724FE71828AF75AC00BCAD05 /* IveBeenHere */;
			targetProxy = 724FE73A28AF75AD00BCAD05 /* PBXContainerItemProxy */;
		};
/* End PBXTargetDependency section */

/* Begin PBXVariantGroup section */
		724FE72228AF75AC00BCAD05 /* MapStoryBoard.storyboard */ = {
			isa = PBXVariantGroup;
			children = (
				724FE72328AF75AC00BCAD05 /* Base */,
			);
			name = MapStoryBoard.storyboard;
			sourceTree = "<group>";
		};
		724FE72728AF75AD00BCAD05 /* LaunchScreen.storyboard */ = {
			isa = PBXVariantGroup;
			children = (
				724FE72828AF75AD00BCAD05 /* Base */,
			);
			name = LaunchScreen.storyboard;
			sourceTree = "<group>";
		};
/* End PBXVariantGroup section */

/* Begin XCBuildConfiguration section */
		724FE74128AF75AD00BCAD05 /* Debug */ = {
			isa = XCBuildConfiguration;
			buildSettings = {
				ALWAYS_SEARCH_USER_PATHS = NO;
				CLANG_ANALYZER_NONNULL = YES;
				CLANG_ANALYZER_NUMBER_OBJECT_CONVERSION = YES_AGGRESSIVE;
				CLANG_CXX_LANGUAGE_STANDARD = "gnu++17";
				CLANG_ENABLE_MODULES = YES;
				CLANG_ENABLE_OBJC_ARC = YES;
				CLANG_ENABLE_OBJC_WEAK = YES;
				CLANG_WARN_BLOCK_CAPTURE_AUTORELEASING = YES;
				CLANG_WARN_BOOL_CONVERSION = YES;
				CLANG_WARN_COMMA = YES;
				CLANG_WARN_CONSTANT_CONVERSION = YES;
				CLANG_WARN_DEPRECATED_OBJC_IMPLEMENTATIONS = YES;
				CLANG_WARN_DIRECT_OBJC_ISA_USAGE = YES_ERROR;
				CLANG_WARN_DOCUMENTATION_COMMENTS = YES;
				CLANG_WARN_EMPTY_BODY = YES;
				CLANG_WARN_ENUM_CONVERSION = YES;
				CLANG_WARN_INFINITE_RECURSION = YES;
				CLANG_WARN_INT_CONVERSION = YES;
				CLANG_WARN_NON_LITERAL_NULL_CONVERSION = YES;
				CLANG_WARN_OBJC_IMPLICIT_RETAIN_SELF = YES;
				CLANG_WARN_OBJC_LITERAL_CONVERSION = YES;
				CLANG_WARN_OBJC_ROOT_CLASS = YES_ERROR;
				CLANG_WARN_QUOTED_INCLUDE_IN_FRAMEWORK_HEADER = YES;
				CLANG_WARN_RANGE_LOOP_ANALYSIS = YES;
				CLANG_WARN_STRICT_PROTOTYPES = YES;
				CLANG_WARN_SUSPICIOUS_MOVE = YES;
				CLANG_WARN_UNGUARDED_AVAILABILITY = YES_AGGRESSIVE;
				CLANG_WARN_UNREACHABLE_CODE = YES;
				CLANG_WARN__DUPLICATE_METHOD_MATCH = YES;
				COPY_PHASE_STRIP = NO;
				DEBUG_INFORMATION_FORMAT = dwarf;
				ENABLE_STRICT_OBJC_MSGSEND = YES;
				ENABLE_TESTABILITY = YES;
				GCC_C_LANGUAGE_STANDARD = gnu11;
				GCC_DYNAMIC_NO_PIC = NO;
				GCC_NO_COMMON_BLOCKS = YES;
				GCC_OPTIMIZATION_LEVEL = 0;
				GCC_PREPROCESSOR_DEFINITIONS = (
					"DEBUG=1",
					"$(inherited)",
				);
				GCC_WARN_64_TO_32_BIT_CONVERSION = YES;
				GCC_WARN_ABOUT_RETURN_TYPE = YES_ERROR;
				GCC_WARN_UNDECLARED_SELECTOR = YES;
				GCC_WARN_UNINITIALIZED_AUTOS = YES_AGGRESSIVE;
				GCC_WARN_UNUSED_FUNCTION = YES;
				GCC_WARN_UNUSED_VARIABLE = YES;
				IPHONEOS_DEPLOYMENT_TARGET = 15.5;
				MTL_ENABLE_DEBUG_INFO = INCLUDE_SOURCE;
				MTL_FAST_MATH = YES;
				ONLY_ACTIVE_ARCH = YES;
				SDKROOT = iphoneos;
				SWIFT_ACTIVE_COMPILATION_CONDITIONS = DEBUG;
				SWIFT_OPTIMIZATION_LEVEL = "-Onone";
			};
			name = Debug;
		};
		724FE74228AF75AD00BCAD05 /* Release */ = {
			isa = XCBuildConfiguration;
			buildSettings = {
				ALWAYS_SEARCH_USER_PATHS = NO;
				CLANG_ANALYZER_NONNULL = YES;
				CLANG_ANALYZER_NUMBER_OBJECT_CONVERSION = YES_AGGRESSIVE;
				CLANG_CXX_LANGUAGE_STANDARD = "gnu++17";
				CLANG_ENABLE_MODULES = YES;
				CLANG_ENABLE_OBJC_ARC = YES;
				CLANG_ENABLE_OBJC_WEAK = YES;
				CLANG_WARN_BLOCK_CAPTURE_AUTORELEASING = YES;
				CLANG_WARN_BOOL_CONVERSION = YES;
				CLANG_WARN_COMMA = YES;
				CLANG_WARN_CONSTANT_CONVERSION = YES;
				CLANG_WARN_DEPRECATED_OBJC_IMPLEMENTATIONS = YES;
				CLANG_WARN_DIRECT_OBJC_ISA_USAGE = YES_ERROR;
				CLANG_WARN_DOCUMENTATION_COMMENTS = YES;
				CLANG_WARN_EMPTY_BODY = YES;
				CLANG_WARN_ENUM_CONVERSION = YES;
				CLANG_WARN_INFINITE_RECURSION = YES;
				CLANG_WARN_INT_CONVERSION = YES;
				CLANG_WARN_NON_LITERAL_NULL_CONVERSION = YES;
				CLANG_WARN_OBJC_IMPLICIT_RETAIN_SELF = YES;
				CLANG_WARN_OBJC_LITERAL_CONVERSION = YES;
				CLANG_WARN_OBJC_ROOT_CLASS = YES_ERROR;
				CLANG_WARN_QUOTED_INCLUDE_IN_FRAMEWORK_HEADER = YES;
				CLANG_WARN_RANGE_LOOP_ANALYSIS = YES;
				CLANG_WARN_STRICT_PROTOTYPES = YES;
				CLANG_WARN_SUSPICIOUS_MOVE = YES;
				CLANG_WARN_UNGUARDED_AVAILABILITY = YES_AGGRESSIVE;
				CLANG_WARN_UNREACHABLE_CODE = YES;
				CLANG_WARN__DUPLICATE_METHOD_MATCH = YES;
				COPY_PHASE_STRIP = NO;
				DEBUG_INFORMATION_FORMAT = "dwarf-with-dsym";
				ENABLE_NS_ASSERTIONS = NO;
				ENABLE_STRICT_OBJC_MSGSEND = YES;
				GCC_C_LANGUAGE_STANDARD = gnu11;
				GCC_NO_COMMON_BLOCKS = YES;
				GCC_WARN_64_TO_32_BIT_CONVERSION = YES;
				GCC_WARN_ABOUT_RETURN_TYPE = YES_ERROR;
				GCC_WARN_UNDECLARED_SELECTOR = YES;
				GCC_WARN_UNINITIALIZED_AUTOS = YES_AGGRESSIVE;
				GCC_WARN_UNUSED_FUNCTION = YES;
				GCC_WARN_UNUSED_VARIABLE = YES;
				IPHONEOS_DEPLOYMENT_TARGET = 15.5;
				MTL_ENABLE_DEBUG_INFO = NO;
				MTL_FAST_MATH = YES;
				SDKROOT = iphoneos;
				SWIFT_COMPILATION_MODE = wholemodule;
				SWIFT_OPTIMIZATION_LEVEL = "-O";
				VALIDATE_PRODUCT = YES;
			};
			name = Release;
		};
		724FE74428AF75AD00BCAD05 /* Debug */ = {
			isa = XCBuildConfiguration;
			buildSettings = {
				ASSETCATALOG_COMPILER_APPICON_NAME = AppIcon;
				ASSETCATALOG_COMPILER_GLOBAL_ACCENT_COLOR_NAME = AccentColor;
				CODE_SIGN_STYLE = Automatic;
				CURRENT_PROJECT_VERSION = 1;
				DEVELOPMENT_TEAM = B3PWYBKFUK;
				GENERATE_INFOPLIST_FILE = YES;
				INFOPLIST_FILE = IveBeenHere/entry/Info.plist;
				INFOPLIST_KEY_NSMainNibFile = SplashStoryBoard;
				INFOPLIST_KEY_UIApplicationSupportsIndirectInputEvents = YES;
				INFOPLIST_KEY_UILaunchStoryboardName = LaunchScreen;
				INFOPLIST_KEY_UISupportedInterfaceOrientations_iPad = "UIInterfaceOrientationPortrait UIInterfaceOrientationPortraitUpsideDown UIInterfaceOrientationLandscapeLeft UIInterfaceOrientationLandscapeRight";
				INFOPLIST_KEY_UISupportedInterfaceOrientations_iPhone = "UIInterfaceOrientationPortrait UIInterfaceOrientationLandscapeLeft UIInterfaceOrientationLandscapeRight";
				LD_RUNPATH_SEARCH_PATHS = (
					"$(inherited)",
					"@executable_path/Frameworks",
				);
				MARKETING_VERSION = 1.0;
				PRODUCT_BUNDLE_IDENTIFIER = practice.IveBeenHere;
				PRODUCT_NAME = "$(TARGET_NAME)";
				SWIFT_EMIT_LOC_STRINGS = YES;
				SWIFT_VERSION = 5.0;
				TARGETED_DEVICE_FAMILY = "1,2";
			};
			name = Debug;
		};
		724FE74528AF75AD00BCAD05 /* Release */ = {
			isa = XCBuildConfiguration;
			buildSettings = {
				ASSETCATALOG_COMPILER_APPICON_NAME = AppIcon;
				ASSETCATALOG_COMPILER_GLOBAL_ACCENT_COLOR_NAME = AccentColor;
				CODE_SIGN_STYLE = Automatic;
				CURRENT_PROJECT_VERSION = 1;
				DEVELOPMENT_TEAM = B3PWYBKFUK;
				GENERATE_INFOPLIST_FILE = YES;
				INFOPLIST_FILE = IveBeenHere/entry/Info.plist;
				INFOPLIST_KEY_NSMainNibFile = SplashStoryBoard;
				INFOPLIST_KEY_UIApplicationSupportsIndirectInputEvents = YES;
				INFOPLIST_KEY_UILaunchStoryboardName = LaunchScreen;
				INFOPLIST_KEY_UISupportedInterfaceOrientations_iPad = "UIInterfaceOrientationPortrait UIInterfaceOrientationPortraitUpsideDown UIInterfaceOrientationLandscapeLeft UIInterfaceOrientationLandscapeRight";
				INFOPLIST_KEY_UISupportedInterfaceOrientations_iPhone = "UIInterfaceOrientationPortrait UIInterfaceOrientationLandscapeLeft UIInterfaceOrientationLandscapeRight";
				LD_RUNPATH_SEARCH_PATHS = (
					"$(inherited)",
					"@executable_path/Frameworks",
				);
				MARKETING_VERSION = 1.0;
				PRODUCT_BUNDLE_IDENTIFIER = practice.IveBeenHere;
				PRODUCT_NAME = "$(TARGET_NAME)";
				SWIFT_EMIT_LOC_STRINGS = YES;
				SWIFT_VERSION = 5.0;
				TARGETED_DEVICE_FAMILY = "1,2";
			};
			name = Release;
		};
		724FE74728AF75AD00BCAD05 /* Debug */ = {
			isa = XCBuildConfiguration;
			buildSettings = {
				ALWAYS_EMBED_SWIFT_STANDARD_LIBRARIES = YES;
				BUNDLE_LOADER = "$(TEST_HOST)";
				CODE_SIGN_STYLE = Automatic;
				CURRENT_PROJECT_VERSION = 1;
				DEVELOPMENT_TEAM = B3PWYBKFUK;
				GENERATE_INFOPLIST_FILE = YES;
				IPHONEOS_DEPLOYMENT_TARGET = 15.5;
				MARKETING_VERSION = 1.0;
				PRODUCT_BUNDLE_IDENTIFIER = practice.IveBeenHereTests;
				PRODUCT_NAME = "$(TARGET_NAME)";
				SWIFT_EMIT_LOC_STRINGS = NO;
				SWIFT_VERSION = 5.0;
				TARGETED_DEVICE_FAMILY = "1,2";
				TEST_HOST = "$(BUILT_PRODUCTS_DIR)/IveBeenHere.app/IveBeenHere";
			};
			name = Debug;
		};
		724FE74828AF75AD00BCAD05 /* Release */ = {
			isa = XCBuildConfiguration;
			buildSettings = {
				ALWAYS_EMBED_SWIFT_STANDARD_LIBRARIES = YES;
				BUNDLE_LOADER = "$(TEST_HOST)";
				CODE_SIGN_STYLE = Automatic;
				CURRENT_PROJECT_VERSION = 1;
				DEVELOPMENT_TEAM = B3PWYBKFUK;
				GENERATE_INFOPLIST_FILE = YES;
				IPHONEOS_DEPLOYMENT_TARGET = 15.5;
				MARKETING_VERSION = 1.0;
				PRODUCT_BUNDLE_IDENTIFIER = practice.IveBeenHereTests;
				PRODUCT_NAME = "$(TARGET_NAME)";
				SWIFT_EMIT_LOC_STRINGS = NO;
				SWIFT_VERSION = 5.0;
				TARGETED_DEVICE_FAMILY = "1,2";
				TEST_HOST = "$(BUILT_PRODUCTS_DIR)/IveBeenHere.app/IveBeenHere";
			};
			name = Release;
		};
		724FE74A28AF75AD00BCAD05 /* Debug */ = {
			isa = XCBuildConfiguration;
			buildSettings = {
				ALWAYS_EMBED_SWIFT_STANDARD_LIBRARIES = YES;
				CODE_SIGN_STYLE = Automatic;
				CURRENT_PROJECT_VERSION = 1;
				DEVELOPMENT_TEAM = B3PWYBKFUK;
				GENERATE_INFOPLIST_FILE = YES;
				MARKETING_VERSION = 1.0;
				PRODUCT_BUNDLE_IDENTIFIER = practice.IveBeenHereUITests;
				PRODUCT_NAME = "$(TARGET_NAME)";
				SWIFT_EMIT_LOC_STRINGS = NO;
				SWIFT_VERSION = 5.0;
				TARGETED_DEVICE_FAMILY = "1,2";
				TEST_TARGET_NAME = IveBeenHere;
			};
			name = Debug;
		};
		724FE74B28AF75AD00BCAD05 /* Release */ = {
			isa = XCBuildConfiguration;
			buildSettings = {
				ALWAYS_EMBED_SWIFT_STANDARD_LIBRARIES = YES;
				CODE_SIGN_STYLE = Automatic;
				CURRENT_PROJECT_VERSION = 1;
				DEVELOPMENT_TEAM = B3PWYBKFUK;
				GENERATE_INFOPLIST_FILE = YES;
				MARKETING_VERSION = 1.0;
				PRODUCT_BUNDLE_IDENTIFIER = practice.IveBeenHereUITests;
				PRODUCT_NAME = "$(TARGET_NAME)";
				SWIFT_EMIT_LOC_STRINGS = NO;
				SWIFT_VERSION = 5.0;
				TARGETED_DEVICE_FAMILY = "1,2";
				TEST_TARGET_NAME = IveBeenHere;
			};
			name = Release;
		};
/* End XCBuildConfiguration section */

/* Begin XCConfigurationList section */
		724FE71428AF75AC00BCAD05 /* Build configuration list for PBXProject "IveBeenHere" */ = {
			isa = XCConfigurationList;
			buildConfigurations = (
				724FE74128AF75AD00BCAD05 /* Debug */,
				724FE74228AF75AD00BCAD05 /* Release */,
			);
			defaultConfigurationIsVisible = 0;
			defaultConfigurationName = Release;
		};
		724FE74328AF75AD00BCAD05 /* Build configuration list for PBXNativeTarget "IveBeenHere" */ = {
			isa = XCConfigurationList;
			buildConfigurations = (
				724FE74428AF75AD00BCAD05 /* Debug */,
				724FE74528AF75AD00BCAD05 /* Release */,
			);
			defaultConfigurationIsVisible = 0;
			defaultConfigurationName = Release;
		};
		724FE74628AF75AD00BCAD05 /* Build configuration list for PBXNativeTarget "IveBeenHereTests" */ = {
			isa = XCConfigurationList;
			buildConfigurations = (
				724FE74728AF75AD00BCAD05 /* Debug */,
				724FE74828AF75AD00BCAD05 /* Release */,
			);
			defaultConfigurationIsVisible = 0;
			defaultConfigurationName = Release;
		};
		724FE74928AF75AD00BCAD05 /* Build configuration list for PBXNativeTarget "IveBeenHereUITests" */ = {
			isa = XCConfigurationList;
			buildConfigurations = (
				724FE74A28AF75AD00BCAD05 /* Debug */,
				724FE74B28AF75AD00BCAD05 /* Release */,
			);
			defaultConfigurationIsVisible = 0;
			defaultConfigurationName = Release;
		};
/* End XCConfigurationList section */
	};
	rootObject = 724FE71128AF75AC00BCAD05 /* Project object */;
}
