// !$*UTF8*$!
{
	archiveVersion = 1;
	classes = {
	};
	objectVersion = 55;
	objects = {

/* Begin PBXBuildFile section */
		720B2E8728AF8342008F5853 /* MapViewModel.swift in Sources */ = {isa = PBXBuildFile; fileRef = 720B2E8628AF8342008F5853 /* MapViewModel.swift */; };
		720B2E8B28AF8401008F5853 /* MapUsecase.swift in Sources */ = {isa = PBXBuildFile; fileRef = 720B2E8A28AF8401008F5853 /* MapUsecase.swift */; };
		720B2E8E28AF8480008F5853 /* PermissionManager.swift in Sources */ = {isa = PBXBuildFile; fileRef = 720B2E8D28AF8480008F5853 /* PermissionManager.swift */; };
		720DF86F28B5F54A002BAFB9 /* GoogleService-Info.plist in Resources */ = {isa = PBXBuildFile; fileRef = 720DF86E28B5F54A002BAFB9 /* GoogleService-Info.plist */; };
		7230741F28B4B87F00A29CEA /* MapViewDelegate.swift in Sources */ = {isa = PBXBuildFile; fileRef = 7230741E28B4B87F00A29CEA /* MapViewDelegate.swift */; };
		7245190E28B5F66F00FA48A2 /* FirebaseDatabase in Frameworks */ = {isa = PBXBuildFile; productRef = 7245190D28B5F66F00FA48A2 /* FirebaseDatabase */; };
		7245191028B5F66F00FA48A2 /* FirebaseFirestore in Frameworks */ = {isa = PBXBuildFile; productRef = 7245190F28B5F66F00FA48A2 /* FirebaseFirestore */; };
		7245191228B5F66F00FA48A2 /* FirebaseStorage in Frameworks */ = {isa = PBXBuildFile; productRef = 7245191128B5F66F00FA48A2 /* FirebaseStorage */; };
		7245191528B5FD8A00FA48A2 /* FirebaseManager.swift in Sources */ = {isa = PBXBuildFile; fileRef = 7245191428B5FD8A00FA48A2 /* FirebaseManager.swift */; };
		7245191828B61B0B00FA48A2 /* PlaceDTO.swift in Sources */ = {isa = PBXBuildFile; fileRef = 7245191728B61B0B00FA48A2 /* PlaceDTO.swift */; };
		7246703328B4C72D00A16355 /* KakaoSDKAuth in Frameworks */ = {isa = PBXBuildFile; productRef = 7246703228B4C72D00A16355 /* KakaoSDKAuth */; };
		7246703528B4C72D00A16355 /* KakaoSDKUser in Frameworks */ = {isa = PBXBuildFile; productRef = 7246703428B4C72D00A16355 /* KakaoSDKUser */; };
		7246703928B4D5FC00A16355 /* KakaoLoginManager.swift in Sources */ = {isa = PBXBuildFile; fileRef = 7246703828B4D5FC00A16355 /* KakaoLoginManager.swift */; };
		724FE71D28AF75AC00BCAD05 /* AppDelegate.swift in Sources */ = {isa = PBXBuildFile; fileRef = 724FE71C28AF75AC00BCAD05 /* AppDelegate.swift */; };
		724FE71F28AF75AC00BCAD05 /* SceneDelegate.swift in Sources */ = {isa = PBXBuildFile; fileRef = 724FE71E28AF75AC00BCAD05 /* SceneDelegate.swift */; };
		724FE72128AF75AC00BCAD05 /* MapViewController.swift in Sources */ = {isa = PBXBuildFile; fileRef = 724FE72028AF75AC00BCAD05 /* MapViewController.swift */; };
		724FE72628AF75AD00BCAD05 /* Assets.xcassets in Resources */ = {isa = PBXBuildFile; fileRef = 724FE72528AF75AD00BCAD05 /* Assets.xcassets */; };
		724FE72928AF75AD00BCAD05 /* LaunchScreen.storyboard in Resources */ = {isa = PBXBuildFile; fileRef = 724FE72728AF75AD00BCAD05 /* LaunchScreen.storyboard */; };
		724FE73428AF75AD00BCAD05 /* IveBeenHereTests.swift in Sources */ = {isa = PBXBuildFile; fileRef = 724FE73328AF75AD00BCAD05 /* IveBeenHereTests.swift */; };
		724FE73E28AF75AD00BCAD05 /* IveBeenHereUITests.swift in Sources */ = {isa = PBXBuildFile; fileRef = 724FE73D28AF75AD00BCAD05 /* IveBeenHereUITests.swift */; };
		724FE74028AF75AD00BCAD05 /* IveBeenHereUITestsLaunchTests.swift in Sources */ = {isa = PBXBuildFile; fileRef = 724FE73F28AF75AD00BCAD05 /* IveBeenHereUITestsLaunchTests.swift */; };
		724FE74D28AF772100BCAD05 /* SplashViewController.swift in Sources */ = {isa = PBXBuildFile; fileRef = 724FE74C28AF772100BCAD05 /* SplashViewController.swift */; };
		728EC25528B0C1A00032C4C2 /* SplashBuilder.swift in Sources */ = {isa = PBXBuildFile; fileRef = 728EC25428B0C1A00032C4C2 /* SplashBuilder.swift */; };
		728F760A28B504FE00386F08 /* NoticeViewController.swift in Sources */ = {isa = PBXBuildFile; fileRef = 728F760928B504FE00386F08 /* NoticeViewController.swift */; };
		728F760C28B5059500386F08 /* NoticeViewController.xib in Resources */ = {isa = PBXBuildFile; fileRef = 728F760B28B5059500386F08 /* NoticeViewController.xib */; };
		72D1154028B61DC900F16705 /* GRPC in Frameworks */ = {isa = PBXBuildFile; productRef = 72D1153F28B61DC900F16705 /* GRPC */; };
		72E3DFC828B35F620066B5BE /* PublishRelay.swift in Sources */ = {isa = PBXBuildFile; fileRef = 72E3DFC728B35F620066B5BE /* PublishRelay.swift */; };
		72E3DFCA28B370AE0066B5BE /* MapBuilder.swift in Sources */ = {isa = PBXBuildFile; fileRef = 72E3DFC928B370AE0066B5BE /* MapBuilder.swift */; };
		72E3DFCD28B373F40066B5BE /* SplashViewController.xib in Resources */ = {isa = PBXBuildFile; fileRef = 72E3DFCC28B373F40066B5BE /* SplashViewController.xib */; };
		72E3DFCF28B3762D0066B5BE /* CompositionRoot.swift in Sources */ = {isa = PBXBuildFile; fileRef = 72E3DFCE28B3762D0066B5BE /* CompositionRoot.swift */; };
		72E3DFD128B3775C0066B5BE /* MapViewController.xib in Resources */ = {isa = PBXBuildFile; fileRef = 72E3DFD028B3775C0066B5BE /* MapViewController.xib */; };
/* End PBXBuildFile section */

/* Begin PBXContainerItemProxy section */
		724FE73028AF75AD00BCAD05 /* PBXContainerItemProxy */ = {
			isa = PBXContainerItemProxy;
			containerPortal = 724FE71128AF75AC00BCAD05 /* Project object */;
			proxyType = 1;
			remoteGlobalIDString = 724FE71828AF75AC00BCAD05;
			remoteInfo = IveBeenHere;
		};
		724FE73A28AF75AD00BCAD05 /* PBXContainerItemProxy */ = {
			isa = PBXContainerItemProxy;
			containerPortal = 724FE71128AF75AC00BCAD05 /* Project object */;
			proxyType = 1;
			remoteGlobalIDString = 724FE71828AF75AC00BCAD05;
			remoteInfo = IveBeenHere;
		};
/* End PBXContainerItemProxy section */

/* Begin PBXFileReference section */
		720B2E8628AF8342008F5853 /* MapViewModel.swift */ = {isa = PBXFileReference; lastKnownFileType = sourcecode.swift; path = MapViewModel.swift; sourceTree = "<group>"; };
		720B2E8A28AF8401008F5853 /* MapUsecase.swift */ = {isa = PBXFileReference; lastKnownFileType = sourcecode.swift; path = MapUsecase.swift; sourceTree = "<group>"; };
		720B2E8D28AF8480008F5853 /* PermissionManager.swift */ = {isa = PBXFileReference; lastKnownFileType = sourcecode.swift; path = PermissionManager.swift; sourceTree = "<group>"; };
		720DF86E28B5F54A002BAFB9 /* GoogleService-Info.plist */ = {isa = PBXFileReference; fileEncoding = 4; lastKnownFileType = text.plist.xml; path = "GoogleService-Info.plist"; sourceTree = "<group>"; };
		7230741E28B4B87F00A29CEA /* MapViewDelegate.swift */ = {isa = PBXFileReference; lastKnownFileType = sourcecode.swift; path = MapViewDelegate.swift; sourceTree = "<group>"; };
		7245191428B5FD8A00FA48A2 /* FirebaseManager.swift */ = {isa = PBXFileReference; lastKnownFileType = sourcecode.swift; path = FirebaseManager.swift; sourceTree = "<group>"; };
		7245191728B61B0B00FA48A2 /* PlaceDTO.swift */ = {isa = PBXFileReference; lastKnownFileType = sourcecode.swift; path = PlaceDTO.swift; sourceTree = "<group>"; };
		7246703828B4D5FC00A16355 /* KakaoLoginManager.swift */ = {isa = PBXFileReference; lastKnownFileType = sourcecode.swift; path = KakaoLoginManager.swift; sourceTree = "<group>"; };
		724FE71928AF75AC00BCAD05 /* IveBeenHere.app */ = {isa = PBXFileReference; explicitFileType = wrapper.application; includeInIndex = 0; path = IveBeenHere.app; sourceTree = BUILT_PRODUCTS_DIR; };
		724FE71C28AF75AC00BCAD05 /* AppDelegate.swift */ = {isa = PBXFileReference; lastKnownFileType = sourcecode.swift; path = AppDelegate.swift; sourceTree = "<group>"; };
		724FE71E28AF75AC00BCAD05 /* SceneDelegate.swift */ = {isa = PBXFileReference; lastKnownFileType = sourcecode.swift; path = SceneDelegate.swift; sourceTree = "<group>"; };
		724FE72028AF75AC00BCAD05 /* MapViewController.swift */ = {isa = PBXFileReference; lastKnownFileType = sourcecode.swift; path = MapViewController.swift; sourceTree = "<group>"; };
		724FE72528AF75AD00BCAD05 /* Assets.xcassets */ = {isa = PBXFileReference; lastKnownFileType = folder.assetcatalog; path = Assets.xcassets; sourceTree = "<group>"; };
		724FE72828AF75AD00BCAD05 /* Base */ = {isa = PBXFileReference; lastKnownFileType = file.storyboard; name = Base; path = Base.lproj/LaunchScreen.storyboard; sourceTree = "<group>"; };
		724FE72A28AF75AD00BCAD05 /* Info.plist */ = {isa = PBXFileReference; lastKnownFileType = text.plist.xml; path = Info.plist; sourceTree = "<group>"; };
		724FE72F28AF75AD00BCAD05 /* IveBeenHereTests.xctest */ = {isa = PBXFileReference; explicitFileType = wrapper.cfbundle; includeInIndex = 0; path = IveBeenHereTests.xctest; sourceTree = BUILT_PRODUCTS_DIR; };
		724FE73328AF75AD00BCAD05 /* IveBeenHereTests.swift */ = {isa = PBXFileReference; lastKnownFileType = sourcecode.swift; path = IveBeenHereTests.swift; sourceTree = "<group>"; };
		724FE73928AF75AD00BCAD05 /* IveBeenHereUITests.xctest */ = {isa = PBXFileReference; explicitFileType = wrapper.cfbundle; includeInIndex = 0; path = IveBeenHereUITests.xctest; sourceTree = BUILT_PRODUCTS_DIR; };
		724FE73D28AF75AD00BCAD05 /* IveBeenHereUITests.swift */ = {isa = PBXFileReference; lastKnownFileType = sourcecode.swift; path = IveBeenHereUITests.swift; sourceTree = "<group>"; };
		724FE73F28AF75AD00BCAD05 /* IveBeenHereUITestsLaunchTests.swift */ = {isa = PBXFileReference; lastKnownFileType = sourcecode.swift; path = IveBeenHereUITestsLaunchTests.swift; sourceTree = "<group>"; };
		724FE74C28AF772100BCAD05 /* SplashViewController.swift */ = {isa = PBXFileReference; lastKnownFileType = sourcecode.swift; path = SplashViewController.swift; sourceTree = "<group>"; };
		728EC25428B0C1A00032C4C2 /* SplashBuilder.swift */ = {isa = PBXFileReference; lastKnownFileType = sourcecode.swift; path = SplashBuilder.swift; sourceTree = "<group>"; };
		728F760928B504FE00386F08 /* NoticeViewController.swift */ = {isa = PBXFileReference; lastKnownFileType = sourcecode.swift; path = NoticeViewController.swift; sourceTree = "<group>"; };
		728F760B28B5059500386F08 /* NoticeViewController.xib */ = {isa = PBXFileReference; lastKnownFileType = file.xib; path = NoticeViewController.xib; sourceTree = "<group>"; };
		72E3DFC728B35F620066B5BE /* PublishRelay.swift */ = {isa = PBXFileReference; lastKnownFileType = sourcecode.swift; path = PublishRelay.swift; sourceTree = "<group>"; };
		72E3DFC928B370AE0066B5BE /* MapBuilder.swift */ = {isa = PBXFileReference; lastKnownFileType = sourcecode.swift; path = MapBuilder.swift; sourceTree = "<group>"; };
		72E3DFCC28B373F40066B5BE /* SplashViewController.xib */ = {isa = PBXFileReference; lastKnownFileType = file.xib; path = SplashViewController.xib; sourceTree = "<group>"; };
		72E3DFCE28B3762D0066B5BE /* CompositionRoot.swift */ = {isa = PBXFileReference; lastKnownFileType = sourcecode.swift; path = CompositionRoot.swift; sourceTree = "<group>"; };
		72E3DFD028B3775C0066B5BE /* MapViewController.xib */ = {isa = PBXFileReference; lastKnownFileType = file.xib; path = MapViewController.xib; sourceTree = "<group>"; };
		72E3DFD228B37F3F0066B5BE /* SeoulLocation.gpx */ = {isa = PBXFileReference; lastKnownFileType = text.xml; path = SeoulLocation.gpx; sourceTree = "<group>"; };
/* End PBXFileReference section */

/* Begin PBXFrameworksBuildPhase section */
		724FE71628AF75AC00BCAD05 /* Frameworks */ = {
			isa = PBXFrameworksBuildPhase;
			buildActionMask = 2147483647;
			files = (
				7245190E28B5F66F00FA48A2 /* FirebaseDatabase in Frameworks */,
				7245191028B5F66F00FA48A2 /* FirebaseFirestore in Frameworks */,
				72D1154028B61DC900F16705 /* GRPC in Frameworks */,
				7246703528B4C72D00A16355 /* KakaoSDKUser in Frameworks */,
				7245191228B5F66F00FA48A2 /* FirebaseStorage in Frameworks */,
				7246703328B4C72D00A16355 /* KakaoSDKAuth in Frameworks */,
			);
			runOnlyForDeploymentPostprocessing = 0;
		};
		724FE72C28AF75AD00BCAD05 /* Frameworks */ = {
			isa = PBXFrameworksBuildPhase;
			buildActionMask = 2147483647;
			files = (
			);
			runOnlyForDeploymentPostprocessing = 0;
		};
		724FE73628AF75AD00BCAD05 /* Frameworks */ = {
			isa = PBXFrameworksBuildPhase;
			buildActionMask = 2147483647;
			files = (
			);
			runOnlyForDeploymentPostprocessing = 0;
		};
/* End PBXFrameworksBuildPhase section */

/* Begin PBXGroup section */
		720B2E8228AF8308008F5853 /* map */ = {
			isa = PBXGroup;
			children = (
				7230741B28B4B77500A29CEA /* delegate */,
				724FE72028AF75AC00BCAD05 /* MapViewController.swift */,
				720B2E8628AF8342008F5853 /* MapViewModel.swift */,
				720B2E8A28AF8401008F5853 /* MapUsecase.swift */,
				72E3DFC928B370AE0066B5BE /* MapBuilder.swift */,
				72E3DFD028B3775C0066B5BE /* MapViewController.xib */,
			);
			path = map;
			sourceTree = "<group>";
		};
		7230741B28B4B77500A29CEA /* delegate */ = {
			isa = PBXGroup;
			children = (
				7230741E28B4B87F00A29CEA /* MapViewDelegate.swift */,
			);
			path = delegate;
			sourceTree = "<group>";
		};
		7245191328B5FCE900FA48A2 /* firebase */ = {
			isa = PBXGroup;
			children = (
				7245191428B5FD8A00FA48A2 /* FirebaseManager.swift */,
			);
			path = firebase;
			sourceTree = "<group>";
		};
		7245191628B61AFC00FA48A2 /* entity */ = {
			isa = PBXGroup;
			children = (
				7245191728B61B0B00FA48A2 /* PlaceDTO.swift */,
			);
			path = entity;
			sourceTree = "<group>";
		};
		7246703628B4D5D600A16355 /* login */ = {
			isa = PBXGroup;
			children = (
				7246703828B4D5FC00A16355 /* KakaoLoginManager.swift */,
			);
			path = login;
			sourceTree = "<group>";
		};
		724FE71028AF75AC00BCAD05 = {
			isa = PBXGroup;
			children = (
				72E3DFD228B37F3F0066B5BE /* SeoulLocation.gpx */,
				724FE71B28AF75AC00BCAD05 /* IveBeenHere */,
				724FE73228AF75AD00BCAD05 /* IveBeenHereTests */,
				724FE73C28AF75AD00BCAD05 /* IveBeenHereUITests */,
				724FE71A28AF75AC00BCAD05 /* Products */,
			);
			sourceTree = "<group>";
		};
		724FE71A28AF75AC00BCAD05 /* Products */ = {
			isa = PBXGroup;
			children = (
				724FE71928AF75AC00BCAD05 /* IveBeenHere.app */,
				724FE72F28AF75AD00BCAD05 /* IveBeenHereTests.xctest */,
				724FE73928AF75AD00BCAD05 /* IveBeenHereUITests.xctest */,
			);
			name = Products;
			sourceTree = "<group>";
		};
		724FE71B28AF75AC00BCAD05 /* IveBeenHere */ = {
			isa = PBXGroup;
			children = (
				72D1154128B61F5D00F16705 /* common */,
				72D1153D28B61C3E00F16705 /* permission */,
				7245191628B61AFC00FA48A2 /* entity */,
				7245191328B5FCE900FA48A2 /* firebase */,
				7246703628B4D5D600A16355 /* login */,
				724FE74E28AF772500BCAD05 /* scene */,
				724FE75028AF773F00BCAD05 /* entry */,
				724FE72528AF75AD00BCAD05 /* Assets.xcassets */,
				724FE72728AF75AD00BCAD05 /* LaunchScreen.storyboard */,
			);
			path = IveBeenHere;
			sourceTree = "<group>";
		};
		724FE73228AF75AD00BCAD05 /* IveBeenHereTests */ = {
			isa = PBXGroup;
			children = (
				724FE73328AF75AD00BCAD05 /* IveBeenHereTests.swift */,
			);
			path = IveBeenHereTests;
			sourceTree = "<group>";
		};
		724FE73C28AF75AD00BCAD05 /* IveBeenHereUITests */ = {
			isa = PBXGroup;
			children = (
				724FE73D28AF75AD00BCAD05 /* IveBeenHereUITests.swift */,
				724FE73F28AF75AD00BCAD05 /* IveBeenHereUITestsLaunchTests.swift */,
			);
			path = IveBeenHereUITests;
			sourceTree = "<group>";
		};
		724FE74E28AF772500BCAD05 /* scene */ = {
			isa = PBXGroup;
			children = (
				728F760828B504F000386F08 /* notice */,
				720B2E8228AF8308008F5853 /* map */,
				724FE74F28AF772C00BCAD05 /* splash */,
			);
			path = scene;
			sourceTree = "<group>";
		};
		724FE74F28AF772C00BCAD05 /* splash */ = {
			isa = PBXGroup;
			children = (
				724FE74C28AF772100BCAD05 /* SplashViewController.swift */,
				728EC25428B0C1A00032C4C2 /* SplashBuilder.swift */,
				72E3DFCC28B373F40066B5BE /* SplashViewController.xib */,
			);
			path = splash;
			sourceTree = "<group>";
		};
		724FE75028AF773F00BCAD05 /* entry */ = {
			isa = PBXGroup;
			children = (
				724FE72A28AF75AD00BCAD05 /* Info.plist */,
				720DF86E28B5F54A002BAFB9 /* GoogleService-Info.plist */,
				724FE71E28AF75AC00BCAD05 /* SceneDelegate.swift */,
				724FE71C28AF75AC00BCAD05 /* AppDelegate.swift */,
				72E3DFCE28B3762D0066B5BE /* CompositionRoot.swift */,
			);
			path = entry;
			sourceTree = "<group>";
		};
		728F760828B504F000386F08 /* notice */ = {
			isa = PBXGroup;
			children = (
				728F760928B504FE00386F08 /* NoticeViewController.swift */,
				728F760B28B5059500386F08 /* NoticeViewController.xib */,
			);
			path = notice;
			sourceTree = "<group>";
		};
		72D1153D28B61C3E00F16705 /* permission */ = {
			isa = PBXGroup;
			children = (
				720B2E8D28AF8480008F5853 /* PermissionManager.swift */,
			);
			path = permission;
			sourceTree = "<group>";
		};
		72D1154128B61F5D00F16705 /* common */ = {
			isa = PBXGroup;
			children = (
				72E3DFC728B35F620066B5BE /* PublishRelay.swift */,
			);
			path = common;
			sourceTree = "<group>";
		};
/* End PBXGroup section */

/* Begin PBXNativeTarget section */
		724FE71828AF75AC00BCAD05 /* IveBeenHere */ = {
			isa = PBXNativeTarget;
			buildConfigurationList = 724FE74328AF75AD00BCAD05 /* Build configuration list for PBXNativeTarget "IveBeenHere" */;
			buildPhases = (
				724FE71528AF75AC00BCAD05 /* Sources */,
				724FE71628AF75AC00BCAD05 /* Frameworks */,
				724FE71728AF75AC00BCAD05 /* Resources */,
			);
			buildRules = (
			);
			dependencies = (
			);
			name = IveBeenHere;
			packageProductDependencies = (
				7246703228B4C72D00A16355 /* KakaoSDKAuth */,
				7246703428B4C72D00A16355 /* KakaoSDKUser */,
				7245190D28B5F66F00FA48A2 /* FirebaseDatabase */,
				7245190F28B5F66F00FA48A2 /* FirebaseFirestore */,
				7245191128B5F66F00FA48A2 /* FirebaseStorage */,
				72D1153F28B61DC900F16705 /* GRPC */,
			);
			productName = IveBeenHere;
			productReference = 724FE71928AF75AC00BCAD05 /* IveBeenHere.app */;
			productType = "com.apple.product-type.application";
		};
		724FE72E28AF75AD00BCAD05 /* IveBeenHereTests */ = {
			isa = PBXNativeTarget;
			buildConfigurationList = 724FE74628AF75AD00BCAD05 /* Build configuration list for PBXNativeTarget "IveBeenHereTests" */;
			buildPhases = (
				724FE72B28AF75AD00BCAD05 /* Sources */,
				724FE72C28AF75AD00BCAD05 /* Frameworks */,
				724FE72D28AF75AD00BCAD05 /* Resources */,
			);
			buildRules = (
			);
			dependencies = (
				724FE73128AF75AD00BCAD05 /* PBXTargetDependency */,
			);
			name = IveBeenHereTests;
			productName = IveBeenHereTests;
			productReference = 724FE72F28AF75AD00BCAD05 /* IveBeenHereTests.xctest */;
			productType = "com.apple.product-type.bundle.unit-test";
		};
		724FE73828AF75AD00BCAD05 /* IveBeenHereUITests */ = {
			isa = PBXNativeTarget;
			buildConfigurationList = 724FE74928AF75AD00BCAD05 /* Build configuration list for PBXNativeTarget "IveBeenHereUITests" */;
			buildPhases = (
				724FE73528AF75AD00BCAD05 /* Sources */,
				724FE73628AF75AD00BCAD05 /* Frameworks */,
				724FE73728AF75AD00BCAD05 /* Resources */,
			);
			buildRules = (
			);
			dependencies = (
				724FE73B28AF75AD00BCAD05 /* PBXTargetDependency */,
			);
			name = IveBeenHereUITests;
			productName = IveBeenHereUITests;
			productReference = 724FE73928AF75AD00BCAD05 /* IveBeenHereUITests.xctest */;
			productType = "com.apple.product-type.bundle.ui-testing";
		};
/* End PBXNativeTarget section */

/* Begin PBXProject section */
		724FE71128AF75AC00BCAD05 /* Project object */ = {
			isa = PBXProject;
			attributes = {
				BuildIndependentTargetsInParallel = 1;
				LastSwiftUpdateCheck = 1340;
				LastUpgradeCheck = 1340;
				TargetAttributes = {
					724FE71828AF75AC00BCAD05 = {
						CreatedOnToolsVersion = 13.4.1;
					};
					724FE72E28AF75AD00BCAD05 = {
						CreatedOnToolsVersion = 13.4.1;
						TestTargetID = 724FE71828AF75AC00BCAD05;
					};
					724FE73828AF75AD00BCAD05 = {
						CreatedOnToolsVersion = 13.4.1;
						TestTargetID = 724FE71828AF75AC00BCAD05;
					};
				};
			};
			buildConfigurationList = 724FE71428AF75AC00BCAD05 /* Build configuration list for PBXProject "IveBeenHere" */;
			compatibilityVersion = "Xcode 13.0";
			developmentRegion = en;
			hasScannedForEncodings = 0;
			knownRegions = (
				en,
				Base,
			);
			mainGroup = 724FE71028AF75AC00BCAD05;
			packageReferences = (
				7246703128B4C72D00A16355 /* XCRemoteSwiftPackageReference "kakao-ios-sdk" */,
				7245190C28B5F66F00FA48A2 /* XCRemoteSwiftPackageReference "firebase-ios-sdk" */,
				72D1153E28B61DC900F16705 /* XCRemoteSwiftPackageReference "grpc-swift" */,
			);
			productRefGroup = 724FE71A28AF75AC00BCAD05 /* Products */;
			projectDirPath = "";
			projectRoot = "";
			targets = (
				724FE71828AF75AC00BCAD05 /* IveBeenHere */,
				724FE72E28AF75AD00BCAD05 /* IveBeenHereTests */,
				724FE73828AF75AD00BCAD05 /* IveBeenHereUITests */,
			);
		};
/* End PBXProject section */

/* Begin PBXResourcesBuildPhase section */
		724FE71728AF75AC00BCAD05 /* Resources */ = {
			isa = PBXResourcesBuildPhase;
			buildActionMask = 2147483647;
			files = (
				728F760C28B5059500386F08 /* NoticeViewController.xib in Resources */,
				724FE72928AF75AD00BCAD05 /* LaunchScreen.storyboard in Resources */,
				724FE72628AF75AD00BCAD05 /* Assets.xcassets in Resources */,
				72E3DFCD28B373F40066B5BE /* SplashViewController.xib in Resources */,
				72E3DFD128B3775C0066B5BE /* MapViewController.xib in Resources */,
				720DF86F28B5F54A002BAFB9 /* GoogleService-Info.plist in Resources */,
			);
			runOnlyForDeploymentPostprocessing = 0;
		};
		724FE72D28AF75AD00BCAD05 /* Resources */ = {
			isa = PBXResourcesBuildPhase;
			buildActionMask = 2147483647;
			files = (
			);
			runOnlyForDeploymentPostprocessing = 0;
		};
		724FE73728AF75AD00BCAD05 /* Resources */ = {
			isa = PBXResourcesBuildPhase;
			buildActionMask = 2147483647;
			files = (
			);
			runOnlyForDeploymentPostprocessing = 0;
		};
/* End PBXResourcesBuildPhase section */

/* Begin PBXSourcesBuildPhase section */
		724FE71528AF75AC00BCAD05 /* Sources */ = {
			isa = PBXSourcesBuildPhase;
			buildActionMask = 2147483647;
			files = (
				7230741F28B4B87F00A29CEA /* MapViewDelegate.swift in Sources */,
				72E3DFC828B35F620066B5BE /* PublishRelay.swift in Sources */,
				728EC25528B0C1A00032C4C2 /* SplashBuilder.swift in Sources */,
				7246703928B4D5FC00A16355 /* KakaoLoginManager.swift in Sources */,
				72E3DFCA28B370AE0066B5BE /* MapBuilder.swift in Sources */,
				7245191828B61B0B00FA48A2 /* PlaceDTO.swift in Sources */,
				724FE72128AF75AC00BCAD05 /* MapViewController.swift in Sources */,
				728F760A28B504FE00386F08 /* NoticeViewController.swift in Sources */,
				720B2E8728AF8342008F5853 /* MapViewModel.swift in Sources */,
				724FE71D28AF75AC00BCAD05 /* AppDelegate.swift in Sources */,
				724FE71F28AF75AC00BCAD05 /* SceneDelegate.swift in Sources */,
				72E3DFCF28B3762D0066B5BE /* CompositionRoot.swift in Sources */,
				720B2E8E28AF8480008F5853 /* PermissionManager.swift in Sources */,
				7245191528B5FD8A00FA48A2 /* FirebaseManager.swift in Sources */,
				720B2E8B28AF8401008F5853 /* MapUsecase.swift in Sources */,
				724FE74D28AF772100BCAD05 /* SplashViewController.swift in Sources */,
			);
			runOnlyForDeploymentPostprocessing = 0;
		};
		724FE72B28AF75AD00BCAD05 /* Sources */ = {
			isa = PBXSourcesBuildPhase;
			buildActionMask = 2147483647;
			files = (
				724FE73428AF75AD00BCAD05 /* IveBeenHereTests.swift in Sources */,
			);
			runOnlyForDeploymentPostprocessing = 0;
		};
		724FE73528AF75AD00BCAD05 /* Sources */ = {
			isa = PBXSourcesBuildPhase;
			buildActionMask = 2147483647;
			files = (
				724FE73E28AF75AD00BCAD05 /* IveBeenHereUITests.swift in Sources */,
				724FE74028AF75AD00BCAD05 /* IveBeenHereUITestsLaunchTests.swift in Sources */,
			);
			runOnlyForDeploymentPostprocessing = 0;
		};
/* End PBXSourcesBuildPhase section */

/* Begin PBXTargetDependency section */
		724FE73128AF75AD00BCAD05 /* PBXTargetDependency */ = {
			isa = PBXTargetDependency;
			target = 724FE71828AF75AC00BCAD05 /* IveBeenHere */;
			targetProxy = 724FE73028AF75AD00BCAD05 /* PBXContainerItemProxy */;
		};
		724FE73B28AF75AD00BCAD05 /* PBXTargetDependency */ = {
			isa = PBXTargetDependency;
			target = 724FE71828AF75AC00BCAD05 /* IveBeenHere */;
			targetProxy = 724FE73A28AF75AD00BCAD05 /* PBXContainerItemProxy */;
		};
/* End PBXTargetDependency section */

/* Begin PBXVariantGroup section */
		724FE72728AF75AD00BCAD05 /* LaunchScreen.storyboard */ = {
			isa = PBXVariantGroup;
			children = (
				724FE72828AF75AD00BCAD05 /* Base */,
			);
			name = LaunchScreen.storyboard;
			sourceTree = "<group>";
		};
/* End PBXVariantGroup section */

/* Begin XCBuildConfiguration section */
		724FE74128AF75AD00BCAD05 /* Debug */ = {
			isa = XCBuildConfiguration;
			buildSettings = {
				ALWAYS_SEARCH_USER_PATHS = NO;
				CLANG_ANALYZER_NONNULL = YES;
				CLANG_ANALYZER_NUMBER_OBJECT_CONVERSION = YES_AGGRESSIVE;
				CLANG_CXX_LANGUAGE_STANDARD = "gnu++17";
				CLANG_ENABLE_MODULES = YES;
				CLANG_ENABLE_OBJC_ARC = YES;
				CLANG_ENABLE_OBJC_WEAK = YES;
				CLANG_WARN_BLOCK_CAPTURE_AUTORELEASING = YES;
				CLANG_WARN_BOOL_CONVERSION = YES;
				CLANG_WARN_COMMA = YES;
				CLANG_WARN_CONSTANT_CONVERSION = YES;
				CLANG_WARN_DEPRECATED_OBJC_IMPLEMENTATIONS = YES;
				CLANG_WARN_DIRECT_OBJC_ISA_USAGE = YES_ERROR;
				CLANG_WARN_DOCUMENTATION_COMMENTS = YES;
				CLANG_WARN_EMPTY_BODY = YES;
				CLANG_WARN_ENUM_CONVERSION = YES;
				CLANG_WARN_INFINITE_RECURSION = YES;
				CLANG_WARN_INT_CONVERSION = YES;
				CLANG_WARN_NON_LITERAL_NULL_CONVERSION = YES;
				CLANG_WARN_OBJC_IMPLICIT_RETAIN_SELF = YES;
				CLANG_WARN_OBJC_LITERAL_CONVERSION = YES;
				CLANG_WARN_OBJC_ROOT_CLASS = YES_ERROR;
				CLANG_WARN_QUOTED_INCLUDE_IN_FRAMEWORK_HEADER = YES;
				CLANG_WARN_RANGE_LOOP_ANALYSIS = YES;
				CLANG_WARN_STRICT_PROTOTYPES = YES;
				CLANG_WARN_SUSPICIOUS_MOVE = YES;
				CLANG_WARN_UNGUARDED_AVAILABILITY = YES_AGGRESSIVE;
				CLANG_WARN_UNREACHABLE_CODE = YES;
				CLANG_WARN__DUPLICATE_METHOD_MATCH = YES;
				COPY_PHASE_STRIP = NO;
				DEBUG_INFORMATION_FORMAT = dwarf;
				ENABLE_STRICT_OBJC_MSGSEND = YES;
				ENABLE_TESTABILITY = YES;
				GCC_C_LANGUAGE_STANDARD = gnu11;
				GCC_DYNAMIC_NO_PIC = NO;
				GCC_NO_COMMON_BLOCKS = YES;
				GCC_OPTIMIZATION_LEVEL = 0;
				GCC_PREPROCESSOR_DEFINITIONS = (
					"DEBUG=1",
					"$(inherited)",
				);
				GCC_WARN_64_TO_32_BIT_CONVERSION = YES;
				GCC_WARN_ABOUT_RETURN_TYPE = YES_ERROR;
				GCC_WARN_UNDECLARED_SELECTOR = YES;
				GCC_WARN_UNINITIALIZED_AUTOS = YES_AGGRESSIVE;
				GCC_WARN_UNUSED_FUNCTION = YES;
				GCC_WARN_UNUSED_VARIABLE = YES;
				IPHONEOS_DEPLOYMENT_TARGET = 15.5;
				MTL_ENABLE_DEBUG_INFO = INCLUDE_SOURCE;
				MTL_FAST_MATH = YES;
				ONLY_ACTIVE_ARCH = YES;
				SDKROOT = iphoneos;
				SWIFT_ACTIVE_COMPILATION_CONDITIONS = DEBUG;
				SWIFT_OPTIMIZATION_LEVEL = "-Onone";
			};
			name = Debug;
		};
		724FE74228AF75AD00BCAD05 /* Release */ = {
			isa = XCBuildConfiguration;
			buildSettings = {
				ALWAYS_SEARCH_USER_PATHS = NO;
				CLANG_ANALYZER_NONNULL = YES;
				CLANG_ANALYZER_NUMBER_OBJECT_CONVERSION = YES_AGGRESSIVE;
				CLANG_CXX_LANGUAGE_STANDARD = "gnu++17";
				CLANG_ENABLE_MODULES = YES;
				CLANG_ENABLE_OBJC_ARC = YES;
				CLANG_ENABLE_OBJC_WEAK = YES;
				CLANG_WARN_BLOCK_CAPTURE_AUTORELEASING = YES;
				CLANG_WARN_BOOL_CONVERSION = YES;
				CLANG_WARN_COMMA = YES;
				CLANG_WARN_CONSTANT_CONVERSION = YES;
				CLANG_WARN_DEPRECATED_OBJC_IMPLEMENTATIONS = YES;
				CLANG_WARN_DIRECT_OBJC_ISA_USAGE = YES_ERROR;
				CLANG_WARN_DOCUMENTATION_COMMENTS = YES;
				CLANG_WARN_EMPTY_BODY = YES;
				CLANG_WARN_ENUM_CONVERSION = YES;
				CLANG_WARN_INFINITE_RECURSION = YES;
				CLANG_WARN_INT_CONVERSION = YES;
				CLANG_WARN_NON_LITERAL_NULL_CONVERSION = YES;
				CLANG_WARN_OBJC_IMPLICIT_RETAIN_SELF = YES;
				CLANG_WARN_OBJC_LITERAL_CONVERSION = YES;
				CLANG_WARN_OBJC_ROOT_CLASS = YES_ERROR;
				CLANG_WARN_QUOTED_INCLUDE_IN_FRAMEWORK_HEADER = YES;
				CLANG_WARN_RANGE_LOOP_ANALYSIS = YES;
				CLANG_WARN_STRICT_PROTOTYPES = YES;
				CLANG_WARN_SUSPICIOUS_MOVE = YES;
				CLANG_WARN_UNGUARDED_AVAILABILITY = YES_AGGRESSIVE;
				CLANG_WARN_UNREACHABLE_CODE = YES;
				CLANG_WARN__DUPLICATE_METHOD_MATCH = YES;
				COPY_PHASE_STRIP = NO;
				DEBUG_INFORMATION_FORMAT = "dwarf-with-dsym";
				ENABLE_NS_ASSERTIONS = NO;
				ENABLE_STRICT_OBJC_MSGSEND = YES;
				GCC_C_LANGUAGE_STANDARD = gnu11;
				GCC_NO_COMMON_BLOCKS = YES;
				GCC_WARN_64_TO_32_BIT_CONVERSION = YES;
				GCC_WARN_ABOUT_RETURN_TYPE = YES_ERROR;
				GCC_WARN_UNDECLARED_SELECTOR = YES;
				GCC_WARN_UNINITIALIZED_AUTOS = YES_AGGRESSIVE;
				GCC_WARN_UNUSED_FUNCTION = YES;
				GCC_WARN_UNUSED_VARIABLE = YES;
				IPHONEOS_DEPLOYMENT_TARGET = 15.5;
				MTL_ENABLE_DEBUG_INFO = NO;
				MTL_FAST_MATH = YES;
				SDKROOT = iphoneos;
				SWIFT_COMPILATION_MODE = wholemodule;
				SWIFT_OPTIMIZATION_LEVEL = "-O";
				VALIDATE_PRODUCT = YES;
			};
			name = Release;
		};
		724FE74428AF75AD00BCAD05 /* Debug */ = {
			isa = XCBuildConfiguration;
			buildSettings = {
				ASSETCATALOG_COMPILER_APPICON_NAME = AppIcon;
				ASSETCATALOG_COMPILER_GLOBAL_ACCENT_COLOR_NAME = AccentColor;
				CODE_SIGN_STYLE = Automatic;
				CURRENT_PROJECT_VERSION = 1;
				DEVELOPMENT_TEAM = B3PWYBKFUK;
				GENERATE_INFOPLIST_FILE = YES;
				INFOPLIST_FILE = IveBeenHere/entry/Info.plist;
				INFOPLIST_KEY_NSLocationAlwaysAndWhenInUseUsageDescription = "지도에 사용자의 현재위치를 표시할 수 있습니다.";
				INFOPLIST_KEY_NSLocationWhenInUseUsageDescription = "사용자의 위치를 가져옵니다.";
				INFOPLIST_KEY_UIApplicationSupportsIndirectInputEvents = YES;
				INFOPLIST_KEY_UILaunchStoryboardName = LaunchScreen;
				INFOPLIST_KEY_UISupportedInterfaceOrientations_iPad = "UIInterfaceOrientationPortrait UIInterfaceOrientationPortraitUpsideDown UIInterfaceOrientationLandscapeLeft UIInterfaceOrientationLandscapeRight";
				INFOPLIST_KEY_UISupportedInterfaceOrientations_iPhone = "UIInterfaceOrientationPortrait UIInterfaceOrientationLandscapeLeft UIInterfaceOrientationLandscapeRight";
				LD_RUNPATH_SEARCH_PATHS = (
					"$(inherited)",
					"@executable_path/Frameworks",
				);
				MARKETING_VERSION = 1.0;
				PRODUCT_BUNDLE_IDENTIFIER = practice.IveBeenHere;
				PRODUCT_NAME = "$(TARGET_NAME)";
				SWIFT_EMIT_LOC_STRINGS = YES;
				SWIFT_VERSION = 5.0;
				TARGETED_DEVICE_FAMILY = "1,2";
			};
			name = Debug;
		};
		724FE74528AF75AD00BCAD05 /* Release */ = {
			isa = XCBuildConfiguration;
			buildSettings = {
				ASSETCATALOG_COMPILER_APPICON_NAME = AppIcon;
				ASSETCATALOG_COMPILER_GLOBAL_ACCENT_COLOR_NAME = AccentColor;
				CODE_SIGN_STYLE = Automatic;
				CURRENT_PROJECT_VERSION = 1;
				DEVELOPMENT_TEAM = B3PWYBKFUK;
				GENERATE_INFOPLIST_FILE = YES;
				INFOPLIST_FILE = IveBeenHere/entry/Info.plist;
				INFOPLIST_KEY_NSLocationAlwaysAndWhenInUseUsageDescription = "지도에 사용자의 현재위치를 표시할 수 있습니다.";
				INFOPLIST_KEY_NSLocationWhenInUseUsageDescription = "사용자의 위치를 가져옵니다.";
				INFOPLIST_KEY_UIApplicationSupportsIndirectInputEvents = YES;
				INFOPLIST_KEY_UILaunchStoryboardName = LaunchScreen;
				INFOPLIST_KEY_UISupportedInterfaceOrientations_iPad = "UIInterfaceOrientationPortrait UIInterfaceOrientationPortraitUpsideDown UIInterfaceOrientationLandscapeLeft UIInterfaceOrientationLandscapeRight";
				INFOPLIST_KEY_UISupportedInterfaceOrientations_iPhone = "UIInterfaceOrientationPortrait UIInterfaceOrientationLandscapeLeft UIInterfaceOrientationLandscapeRight";
				LD_RUNPATH_SEARCH_PATHS = (
					"$(inherited)",
					"@executable_path/Frameworks",
				);
				MARKETING_VERSION = 1.0;
				PRODUCT_BUNDLE_IDENTIFIER = practice.IveBeenHere;
				PRODUCT_NAME = "$(TARGET_NAME)";
				SWIFT_EMIT_LOC_STRINGS = YES;
				SWIFT_VERSION = 5.0;
				TARGETED_DEVICE_FAMILY = "1,2";
			};
			name = Release;
		};
		724FE74728AF75AD00BCAD05 /* Debug */ = {
			isa = XCBuildConfiguration;
			buildSettings = {
				ALWAYS_EMBED_SWIFT_STANDARD_LIBRARIES = YES;
				BUNDLE_LOADER = "$(TEST_HOST)";
				CODE_SIGN_STYLE = Automatic;
				CURRENT_PROJECT_VERSION = 1;
				DEVELOPMENT_TEAM = B3PWYBKFUK;
				GENERATE_INFOPLIST_FILE = YES;
				IPHONEOS_DEPLOYMENT_TARGET = 15.5;
				MARKETING_VERSION = 1.0;
				PRODUCT_BUNDLE_IDENTIFIER = practice.IveBeenHereTests;
				PRODUCT_NAME = "$(TARGET_NAME)";
				SWIFT_EMIT_LOC_STRINGS = NO;
				SWIFT_VERSION = 5.0;
				TARGETED_DEVICE_FAMILY = "1,2";
				TEST_HOST = "$(BUILT_PRODUCTS_DIR)/IveBeenHere.app/IveBeenHere";
			};
			name = Debug;
		};
		724FE74828AF75AD00BCAD05 /* Release */ = {
			isa = XCBuildConfiguration;
			buildSettings = {
				ALWAYS_EMBED_SWIFT_STANDARD_LIBRARIES = YES;
				BUNDLE_LOADER = "$(TEST_HOST)";
				CODE_SIGN_STYLE = Automatic;
				CURRENT_PROJECT_VERSION = 1;
				DEVELOPMENT_TEAM = B3PWYBKFUK;
				GENERATE_INFOPLIST_FILE = YES;
				IPHONEOS_DEPLOYMENT_TARGET = 15.5;
				MARKETING_VERSION = 1.0;
				PRODUCT_BUNDLE_IDENTIFIER = practice.IveBeenHereTests;
				PRODUCT_NAME = "$(TARGET_NAME)";
				SWIFT_EMIT_LOC_STRINGS = NO;
				SWIFT_VERSION = 5.0;
				TARGETED_DEVICE_FAMILY = "1,2";
				TEST_HOST = "$(BUILT_PRODUCTS_DIR)/IveBeenHere.app/IveBeenHere";
			};
			name = Release;
		};
		724FE74A28AF75AD00BCAD05 /* Debug */ = {
			isa = XCBuildConfiguration;
			buildSettings = {
				ALWAYS_EMBED_SWIFT_STANDARD_LIBRARIES = YES;
				CODE_SIGN_STYLE = Automatic;
				CURRENT_PROJECT_VERSION = 1;
				DEVELOPMENT_TEAM = B3PWYBKFUK;
				GENERATE_INFOPLIST_FILE = YES;
				MARKETING_VERSION = 1.0;
				PRODUCT_BUNDLE_IDENTIFIER = practice.IveBeenHereUITests;
				PRODUCT_NAME = "$(TARGET_NAME)";
				SWIFT_EMIT_LOC_STRINGS = NO;
				SWIFT_VERSION = 5.0;
				TARGETED_DEVICE_FAMILY = "1,2";
				TEST_TARGET_NAME = IveBeenHere;
			};
			name = Debug;
		};
		724FE74B28AF75AD00BCAD05 /* Release */ = {
			isa = XCBuildConfiguration;
			buildSettings = {
				ALWAYS_EMBED_SWIFT_STANDARD_LIBRARIES = YES;
				CODE_SIGN_STYLE = Automatic;
				CURRENT_PROJECT_VERSION = 1;
				DEVELOPMENT_TEAM = B3PWYBKFUK;
				GENERATE_INFOPLIST_FILE = YES;
				MARKETING_VERSION = 1.0;
				PRODUCT_BUNDLE_IDENTIFIER = practice.IveBeenHereUITests;
				PRODUCT_NAME = "$(TARGET_NAME)";
				SWIFT_EMIT_LOC_STRINGS = NO;
				SWIFT_VERSION = 5.0;
				TARGETED_DEVICE_FAMILY = "1,2";
				TEST_TARGET_NAME = IveBeenHere;
			};
			name = Release;
		};
/* End XCBuildConfiguration section */

/* Begin XCConfigurationList section */
		724FE71428AF75AC00BCAD05 /* Build configuration list for PBXProject "IveBeenHere" */ = {
			isa = XCConfigurationList;
			buildConfigurations = (
				724FE74128AF75AD00BCAD05 /* Debug */,
				724FE74228AF75AD00BCAD05 /* Release */,
			);
			defaultConfigurationIsVisible = 0;
			defaultConfigurationName = Release;
		};
		724FE74328AF75AD00BCAD05 /* Build configuration list for PBXNativeTarget "IveBeenHere" */ = {
			isa = XCConfigurationList;
			buildConfigurations = (
				724FE74428AF75AD00BCAD05 /* Debug */,
				724FE74528AF75AD00BCAD05 /* Release */,
			);
			defaultConfigurationIsVisible = 0;
			defaultConfigurationName = Release;
		};
		724FE74628AF75AD00BCAD05 /* Build configuration list for PBXNativeTarget "IveBeenHereTests" */ = {
			isa = XCConfigurationList;
			buildConfigurations = (
				724FE74728AF75AD00BCAD05 /* Debug */,
				724FE74828AF75AD00BCAD05 /* Release */,
			);
			defaultConfigurationIsVisible = 0;
			defaultConfigurationName = Release;
		};
		724FE74928AF75AD00BCAD05 /* Build configuration list for PBXNativeTarget "IveBeenHereUITests" */ = {
			isa = XCConfigurationList;
			buildConfigurations = (
				724FE74A28AF75AD00BCAD05 /* Debug */,
				724FE74B28AF75AD00BCAD05 /* Release */,
			);
			defaultConfigurationIsVisible = 0;
			defaultConfigurationName = Release;
		};
/* End XCConfigurationList section */

/* Begin XCRemoteSwiftPackageReference section */
		7245190C28B5F66F00FA48A2 /* XCRemoteSwiftPackageReference "firebase-ios-sdk" */ = {
			isa = XCRemoteSwiftPackageReference;
			repositoryURL = "https://github.com/firebase/firebase-ios-sdk";
			requirement = {
				branch = master;
				kind = branch;
			};
		};
		7246703128B4C72D00A16355 /* XCRemoteSwiftPackageReference "kakao-ios-sdk" */ = {
			isa = XCRemoteSwiftPackageReference;
			repositoryURL = "https://github.com/kakao/kakao-ios-sdk";
			requirement = {
				branch = master;
				kind = branch;
			};
		};
		72D1153E28B61DC900F16705 /* XCRemoteSwiftPackageReference "grpc-swift" */ = {
			isa = XCRemoteSwiftPackageReference;
			repositoryURL = "https://github.com/grpc/grpc-swift.git";
			requirement = {
				branch = main;
				kind = branch;
			};
		};
/* End XCRemoteSwiftPackageReference section */

/* Begin XCSwiftPackageProductDependency section */
		7245190D28B5F66F00FA48A2 /* FirebaseDatabase */ = {
			isa = XCSwiftPackageProductDependency;
			package = 7245190C28B5F66F00FA48A2 /* XCRemoteSwiftPackageReference "firebase-ios-sdk" */;
			productName = FirebaseDatabase;
		};
		7245190F28B5F66F00FA48A2 /* FirebaseFirestore */ = {
			isa = XCSwiftPackageProductDependency;
			package = 7245190C28B5F66F00FA48A2 /* XCRemoteSwiftPackageReference "firebase-ios-sdk" */;
			productName = FirebaseFirestore;
		};
		7245191128B5F66F00FA48A2 /* FirebaseStorage */ = {
			isa = XCSwiftPackageProductDependency;
			package = 7245190C28B5F66F00FA48A2 /* XCRemoteSwiftPackageReference "firebase-ios-sdk" */;
			productName = FirebaseStorage;
		};
		7246703228B4C72D00A16355 /* KakaoSDKAuth */ = {
			isa = XCSwiftPackageProductDependency;
			package = 7246703128B4C72D00A16355 /* XCRemoteSwiftPackageReference "kakao-ios-sdk" */;
			productName = KakaoSDKAuth;
		};
		7246703428B4C72D00A16355 /* KakaoSDKUser */ = {
			isa = XCSwiftPackageProductDependency;
			package = 7246703128B4C72D00A16355 /* XCRemoteSwiftPackageReference "kakao-ios-sdk" */;
			productName = KakaoSDKUser;
		};
		72D1153F28B61DC900F16705 /* GRPC */ = {
			isa = XCSwiftPackageProductDependency;
			package = 72D1153E28B61DC900F16705 /* XCRemoteSwiftPackageReference "grpc-swift" */;
			productName = GRPC;
		};
/* End XCSwiftPackageProductDependency section */
	};
	rootObject = 724FE71128AF75AC00BCAD05 /* Project object */;
}
